// !$*UTF8*$!
{
	archiveVersion = 1;
	classes = {
	};
	objectVersion = 46;
	objects = {

/* Begin PBXBuildFile section */
		0325F51B181F30AA009060DD /* UIImage+ImageEffects.m in Sources */ = {isa = PBXBuildFile; fileRef = 0325F51A181F30AA009060DD /* UIImage+ImageEffects.m */; };
		0325F51D181F3123009060DD /* ImageIO.framework in Frameworks */ = {isa = PBXBuildFile; fileRef = 0325F51C181F3123009060DD /* ImageIO.framework */; };
		03559EEB17BEEAA500D2D1CC /* UITableViewCell+Concrete.m in Sources */ = {isa = PBXBuildFile; fileRef = 03559EEA17BEEAA500D2D1CC /* UITableViewCell+Concrete.m */; };
		036A43C317B786EF00F39ED0 /* CISlideOutTabController.m in Sources */ = {isa = PBXBuildFile; fileRef = 036A43C217B786EF00F39ED0 /* CISlideOutTabController.m */; };
		039F9BB717E500E60064566A /* CILocationService.m in Sources */ = {isa = PBXBuildFile; fileRef = 039F9BB617E500E60064566A /* CILocationService.m */; };
		039F9BBA17E500FF0064566A /* NSDictionary+Concrete.m in Sources */ = {isa = PBXBuildFile; fileRef = 039F9BB917E500FE0064566A /* NSDictionary+Concrete.m */; };
		039F9C0017EA4B7E0064566A /* CIActivityIndicatorView.m in Sources */ = {isa = PBXBuildFile; fileRef = 039F9BFF17EA4B7E0064566A /* CIActivityIndicatorView.m */; };
		039F9C0217EA56600064566A /* CoreLocation.framework in Frameworks */ = {isa = PBXBuildFile; fileRef = 039F9C0117EA56600064566A /* CoreLocation.framework */; };
		039F9C0417EA568E0064566A /* MapKit.framework in Frameworks */ = {isa = PBXBuildFile; fileRef = 039F9C0317EA568E0064566A /* MapKit.framework */; };
		03E3226217B3D2F0001FE707 /* UIKit.framework in Frameworks */ = {isa = PBXBuildFile; fileRef = 03E3226117B3D2F0001FE707 /* UIKit.framework */; };
		03E3226417B3D2F0001FE707 /* Foundation.framework in Frameworks */ = {isa = PBXBuildFile; fileRef = 03E3226317B3D2F0001FE707 /* Foundation.framework */; };
		03E3226617B3D2F0001FE707 /* CoreGraphics.framework in Frameworks */ = {isa = PBXBuildFile; fileRef = 03E3226517B3D2F0001FE707 /* CoreGraphics.framework */; };
		03E3226C17B3D2F0001FE707 /* InfoPlist.strings in Resources */ = {isa = PBXBuildFile; fileRef = 03E3226A17B3D2F0001FE707 /* InfoPlist.strings */; };
		03E3226E17B3D2F0001FE707 /* main.m in Sources */ = {isa = PBXBuildFile; fileRef = 03E3226D17B3D2F0001FE707 /* main.m */; };
		03E3227217B3D2F0001FE707 /* CIAppDelegate.m in Sources */ = {isa = PBXBuildFile; fileRef = 03E3227117B3D2F0001FE707 /* CIAppDelegate.m */; };
		03E3227417B3D2F0001FE707 /* Default.png in Resources */ = {isa = PBXBuildFile; fileRef = 03E3227317B3D2F0001FE707 /* Default.png */; };
		03E3227617B3D2F0001FE707 /* Default@2x.png in Resources */ = {isa = PBXBuildFile; fileRef = 03E3227517B3D2F0001FE707 /* Default@2x.png */; };
		03E3227817B3D2F0001FE707 /* Default-568h@2x.png in Resources */ = {isa = PBXBuildFile; fileRef = 03E3227717B3D2F0001FE707 /* Default-568h@2x.png */; };
		03E3227B17B3D2F0001FE707 /* CIMainViewController.m in Sources */ = {isa = PBXBuildFile; fileRef = 03E3227A17B3D2F0001FE707 /* CIMainViewController.m */; };
		03E3228117B3D2F0001FE707 /* CIMainViewController.xib in Resources */ = {isa = PBXBuildFile; fileRef = 03E3227F17B3D2F0001FE707 /* CIMainViewController.xib */; };
		03E3228D17B3D4A8001FE707 /* UINavigationController+Concrete.m in Sources */ = {isa = PBXBuildFile; fileRef = 03E3228C17B3D4A8001FE707 /* UINavigationController+Concrete.m */; };
		03E3229017B3EF8B001FE707 /* NSMutableArray+Concrete.m in Sources */ = {isa = PBXBuildFile; fileRef = 03E3228F17B3EF8B001FE707 /* NSMutableArray+Concrete.m */; };
		03E322AF17B48AB5001FE707 /* NSObject+Concrete.m in Sources */ = {isa = PBXBuildFile; fileRef = 03E322AE17B48AB5001FE707 /* NSObject+Concrete.m */; };
		03E322B517B49426001FE707 /* NSDate+Concrete.m in Sources */ = {isa = PBXBuildFile; fileRef = 03E322B417B49425001FE707 /* NSDate+Concrete.m */; };
		03E322B817B4BDA1001FE707 /* UIView+Concrete.m in Sources */ = {isa = PBXBuildFile; fileRef = 03E322B717B4BDA0001FE707 /* UIView+Concrete.m */; };
		03E322BB17B4BF99001FE707 /* UIApplication+Concrete.m in Sources */ = {isa = PBXBuildFile; fileRef = 03E322BA17B4BF98001FE707 /* UIApplication+Concrete.m */; };
		03E322BD17B4BFDE001FE707 /* QuartzCore.framework in Frameworks */ = {isa = PBXBuildFile; fileRef = 03E322BC17B4BFDD001FE707 /* QuartzCore.framework */; };
		03E40DD31811D91B00F2105D /* UIImage+Concrete.m in Sources */ = {isa = PBXBuildFile; fileRef = 03E40DD21811D91B00F2105D /* UIImage+Concrete.m */; };
/* End PBXBuildFile section */

/* Begin PBXFileReference section */
		0325F519181F30AA009060DD /* UIImage+ImageEffects.h */ = {isa = PBXFileReference; fileEncoding = 4; lastKnownFileType = sourcecode.c.h; name = "UIImage+ImageEffects.h"; path = "Apple Code/UIImage+ImageEffects.h"; sourceTree = "<group>"; };
		0325F51A181F30AA009060DD /* UIImage+ImageEffects.m */ = {isa = PBXFileReference; fileEncoding = 4; lastKnownFileType = sourcecode.c.objc; name = "UIImage+ImageEffects.m"; path = "Apple Code/UIImage+ImageEffects.m"; sourceTree = "<group>"; };
		0325F51C181F3123009060DD /* ImageIO.framework */ = {isa = PBXFileReference; lastKnownFileType = wrapper.framework; name = ImageIO.framework; path = System/Library/Frameworks/ImageIO.framework; sourceTree = SDKROOT; };
		03559EE917BEEAA400D2D1CC /* UITableViewCell+Concrete.h */ = {isa = PBXFileReference; fileEncoding = 4; lastKnownFileType = sourcecode.c.h; name = "UITableViewCell+Concrete.h"; path = "ConcreteFoundation/Foundation/UITableViewCell+Concrete.h"; sourceTree = "<group>"; };
		03559EEA17BEEAA500D2D1CC /* UITableViewCell+Concrete.m */ = {isa = PBXFileReference; fileEncoding = 4; lastKnownFileType = sourcecode.c.objc; name = "UITableViewCell+Concrete.m"; path = "ConcreteFoundation/Foundation/UITableViewCell+Concrete.m"; sourceTree = "<group>"; };
		036A43C117B786EF00F39ED0 /* CISlideOutTabController.h */ = {isa = PBXFileReference; fileEncoding = 4; lastKnownFileType = sourcecode.c.h; name = CISlideOutTabController.h; path = "Container Controllers/CISlideOutTabController.h"; sourceTree = "<group>"; };
		036A43C217B786EF00F39ED0 /* CISlideOutTabController.m */ = {isa = PBXFileReference; fileEncoding = 4; lastKnownFileType = sourcecode.c.objc; name = CISlideOutTabController.m; path = "Container Controllers/CISlideOutTabController.m"; sourceTree = "<group>"; };
		039F9BB517E500E60064566A /* CILocationService.h */ = {isa = PBXFileReference; fileEncoding = 4; lastKnownFileType = sourcecode.c.h; name = CILocationService.h; path = Services/CILocationService.h; sourceTree = "<group>"; };
		039F9BB617E500E60064566A /* CILocationService.m */ = {isa = PBXFileReference; fileEncoding = 4; lastKnownFileType = sourcecode.c.objc; name = CILocationService.m; path = Services/CILocationService.m; sourceTree = "<group>"; };
		039F9BB817E500FE0064566A /* NSDictionary+Concrete.h */ = {isa = PBXFileReference; fileEncoding = 4; lastKnownFileType = sourcecode.c.h; name = "NSDictionary+Concrete.h"; path = "ConcreteFoundation/Foundation/NSDictionary+Concrete.h"; sourceTree = "<group>"; };
		039F9BB917E500FE0064566A /* NSDictionary+Concrete.m */ = {isa = PBXFileReference; fileEncoding = 4; lastKnownFileType = sourcecode.c.objc; name = "NSDictionary+Concrete.m"; path = "ConcreteFoundation/Foundation/NSDictionary+Concrete.m"; sourceTree = "<group>"; };
		039F9BBB17E501120064566A /* ConcreteMacros.h */ = {isa = PBXFileReference; fileEncoding = 4; lastKnownFileType = sourcecode.c.h; path = ConcreteMacros.h; sourceTree = "<group>"; };
		039F9BFE17EA4B7E0064566A /* CIActivityIndicatorView.h */ = {isa = PBXFileReference; fileEncoding = 4; lastKnownFileType = sourcecode.c.h; name = CIActivityIndicatorView.h; path = Views/CIActivityIndicatorView.h; sourceTree = "<group>"; };
		039F9BFF17EA4B7E0064566A /* CIActivityIndicatorView.m */ = {isa = PBXFileReference; fileEncoding = 4; lastKnownFileType = sourcecode.c.objc; name = CIActivityIndicatorView.m; path = Views/CIActivityIndicatorView.m; sourceTree = "<group>"; };
		039F9C0117EA56600064566A /* CoreLocation.framework */ = {isa = PBXFileReference; lastKnownFileType = wrapper.framework; name = CoreLocation.framework; path = System/Library/Frameworks/CoreLocation.framework; sourceTree = SDKROOT; };
		039F9C0317EA568E0064566A /* MapKit.framework */ = {isa = PBXFileReference; lastKnownFileType = wrapper.framework; name = MapKit.framework; path = System/Library/Frameworks/MapKit.framework; sourceTree = SDKROOT; };
		03E3225E17B3D2F0001FE707 /* ConcreteFoundation.app */ = {isa = PBXFileReference; explicitFileType = wrapper.application; includeInIndex = 0; path = ConcreteFoundation.app; sourceTree = BUILT_PRODUCTS_DIR; };
		03E3226117B3D2F0001FE707 /* UIKit.framework */ = {isa = PBXFileReference; lastKnownFileType = wrapper.framework; name = UIKit.framework; path = System/Library/Frameworks/UIKit.framework; sourceTree = SDKROOT; };
		03E3226317B3D2F0001FE707 /* Foundation.framework */ = {isa = PBXFileReference; lastKnownFileType = wrapper.framework; name = Foundation.framework; path = System/Library/Frameworks/Foundation.framework; sourceTree = SDKROOT; };
		03E3226517B3D2F0001FE707 /* CoreGraphics.framework */ = {isa = PBXFileReference; lastKnownFileType = wrapper.framework; name = CoreGraphics.framework; path = System/Library/Frameworks/CoreGraphics.framework; sourceTree = SDKROOT; };
		03E3226917B3D2F0001FE707 /* ConcreteFoundation-Info.plist */ = {isa = PBXFileReference; lastKnownFileType = text.plist.xml; path = "ConcreteFoundation-Info.plist"; sourceTree = "<group>"; };
		03E3226B17B3D2F0001FE707 /* en */ = {isa = PBXFileReference; lastKnownFileType = text.plist.strings; name = en; path = en.lproj/InfoPlist.strings; sourceTree = "<group>"; };
		03E3226D17B3D2F0001FE707 /* main.m */ = {isa = PBXFileReference; lastKnownFileType = sourcecode.c.objc; path = main.m; sourceTree = "<group>"; };
		03E3226F17B3D2F0001FE707 /* ConcreteFoundation-Prefix.pch */ = {isa = PBXFileReference; lastKnownFileType = sourcecode.c.h; path = "ConcreteFoundation-Prefix.pch"; sourceTree = "<group>"; };
		03E3227017B3D2F0001FE707 /* CIAppDelegate.h */ = {isa = PBXFileReference; lastKnownFileType = sourcecode.c.h; path = CIAppDelegate.h; sourceTree = "<group>"; };
		03E3227117B3D2F0001FE707 /* CIAppDelegate.m */ = {isa = PBXFileReference; lastKnownFileType = sourcecode.c.objc; path = CIAppDelegate.m; sourceTree = "<group>"; };
		03E3227317B3D2F0001FE707 /* Default.png */ = {isa = PBXFileReference; lastKnownFileType = image.png; path = Default.png; sourceTree = "<group>"; };
		03E3227517B3D2F0001FE707 /* Default@2x.png */ = {isa = PBXFileReference; lastKnownFileType = image.png; path = "Default@2x.png"; sourceTree = "<group>"; };
		03E3227717B3D2F0001FE707 /* Default-568h@2x.png */ = {isa = PBXFileReference; lastKnownFileType = image.png; path = "Default-568h@2x.png"; sourceTree = "<group>"; };
		03E3227917B3D2F0001FE707 /* CIMainViewController.h */ = {isa = PBXFileReference; lastKnownFileType = sourcecode.c.h; path = CIMainViewController.h; sourceTree = "<group>"; };
		03E3227A17B3D2F0001FE707 /* CIMainViewController.m */ = {isa = PBXFileReference; lastKnownFileType = sourcecode.c.objc; path = CIMainViewController.m; sourceTree = "<group>"; };
		03E3228017B3D2F0001FE707 /* en */ = {isa = PBXFileReference; lastKnownFileType = file.xib; name = en; path = en.lproj/CIMainViewController.xib; sourceTree = "<group>"; };
		03E3228B17B3D4A8001FE707 /* UINavigationController+Concrete.h */ = {isa = PBXFileReference; fileEncoding = 4; lastKnownFileType = sourcecode.c.h; name = "UINavigationController+Concrete.h"; path = "ConcreteFoundation/Foundation/UINavigationController+Concrete.h"; sourceTree = "<group>"; };
		03E3228C17B3D4A8001FE707 /* UINavigationController+Concrete.m */ = {isa = PBXFileReference; fileEncoding = 4; lastKnownFileType = sourcecode.c.objc; name = "UINavigationController+Concrete.m"; path = "ConcreteFoundation/Foundation/UINavigationController+Concrete.m"; sourceTree = "<group>"; };
		03E3228E17B3EF8B001FE707 /* NSMutableArray+Concrete.h */ = {isa = PBXFileReference; fileEncoding = 4; lastKnownFileType = sourcecode.c.h; name = "NSMutableArray+Concrete.h"; path = "ConcreteFoundation/Foundation/NSMutableArray+Concrete.h"; sourceTree = "<group>"; };
		03E3228F17B3EF8B001FE707 /* NSMutableArray+Concrete.m */ = {isa = PBXFileReference; fileEncoding = 4; lastKnownFileType = sourcecode.c.objc; name = "NSMutableArray+Concrete.m"; path = "ConcreteFoundation/Foundation/NSMutableArray+Concrete.m"; sourceTree = "<group>"; };
		03E322AD17B48AB5001FE707 /* NSObject+Concrete.h */ = {isa = PBXFileReference; fileEncoding = 4; lastKnownFileType = sourcecode.c.h; name = "NSObject+Concrete.h"; path = "ConcreteFoundation/Foundation/NSObject+Concrete.h"; sourceTree = "<group>"; };
		03E322AE17B48AB5001FE707 /* NSObject+Concrete.m */ = {isa = PBXFileReference; fileEncoding = 4; lastKnownFileType = sourcecode.c.objc; name = "NSObject+Concrete.m"; path = "ConcreteFoundation/Foundation/NSObject+Concrete.m"; sourceTree = "<group>"; };
		03E322B317B49425001FE707 /* NSDate+Concrete.h */ = {isa = PBXFileReference; fileEncoding = 4; lastKnownFileType = sourcecode.c.h; name = "NSDate+Concrete.h"; path = "ConcreteFoundation/Foundation/NSDate+Concrete.h"; sourceTree = "<group>"; };
		03E322B417B49425001FE707 /* NSDate+Concrete.m */ = {isa = PBXFileReference; fileEncoding = 4; lastKnownFileType = sourcecode.c.objc; name = "NSDate+Concrete.m"; path = "ConcreteFoundation/Foundation/NSDate+Concrete.m"; sourceTree = "<group>"; };
		03E322B617B4BDA0001FE707 /* UIView+Concrete.h */ = {isa = PBXFileReference; fileEncoding = 4; lastKnownFileType = sourcecode.c.h; name = "UIView+Concrete.h"; path = "ConcreteFoundation/Foundation/UIView+Concrete.h"; sourceTree = "<group>"; };
		03E322B717B4BDA0001FE707 /* UIView+Concrete.m */ = {isa = PBXFileReference; fileEncoding = 4; lastKnownFileType = sourcecode.c.objc; name = "UIView+Concrete.m"; path = "ConcreteFoundation/Foundation/UIView+Concrete.m"; sourceTree = "<group>"; };
		03E322B917B4BF97001FE707 /* UIApplication+Concrete.h */ = {isa = PBXFileReference; fileEncoding = 4; lastKnownFileType = sourcecode.c.h; name = "UIApplication+Concrete.h"; path = "ConcreteFoundation/Foundation/UIApplication+Concrete.h"; sourceTree = "<group>"; };
		03E322BA17B4BF98001FE707 /* UIApplication+Concrete.m */ = {isa = PBXFileReference; fileEncoding = 4; lastKnownFileType = sourcecode.c.objc; name = "UIApplication+Concrete.m"; path = "ConcreteFoundation/Foundation/UIApplication+Concrete.m"; sourceTree = "<group>"; };
		03E322BC17B4BFDD001FE707 /* QuartzCore.framework */ = {isa = PBXFileReference; lastKnownFileType = wrapper.framework; name = QuartzCore.framework; path = System/Library/Frameworks/QuartzCore.framework; sourceTree = SDKROOT; };
		03E40DD11811D91B00F2105D /* UIImage+Concrete.h */ = {isa = PBXFileReference; fileEncoding = 4; lastKnownFileType = sourcecode.c.h; name = "UIImage+Concrete.h"; path = "ConcreteFoundation/Foundation/UIImage+Concrete.h"; sourceTree = "<group>"; };
		03E40DD21811D91B00F2105D /* UIImage+Concrete.m */ = {isa = PBXFileReference; fileEncoding = 4; lastKnownFileType = sourcecode.c.objc; name = "UIImage+Concrete.m"; path = "ConcreteFoundation/Foundation/UIImage+Concrete.m"; sourceTree = "<group>"; };
/* End PBXFileReference section */

/* Begin PBXFrameworksBuildPhase section */
		03E3225B17B3D2F0001FE707 /* Frameworks */ = {
			isa = PBXFrameworksBuildPhase;
			buildActionMask = 2147483647;
			files = (
				0325F51D181F3123009060DD /* ImageIO.framework in Frameworks */,
				03E3226217B3D2F0001FE707 /* UIKit.framework in Frameworks */,
				039F9C0417EA568E0064566A /* MapKit.framework in Frameworks */,
				039F9C0217EA56600064566A /* CoreLocation.framework in Frameworks */,
				03E322BD17B4BFDE001FE707 /* QuartzCore.framework in Frameworks */,
				03E3226417B3D2F0001FE707 /* Foundation.framework in Frameworks */,
				03E3226617B3D2F0001FE707 /* CoreGraphics.framework in Frameworks */,
			);
			runOnlyForDeploymentPostprocessing = 0;
		};
/* End PBXFrameworksBuildPhase section */

/* Begin PBXGroup section */
		0325F518181F304C009060DD /* Apple Code */ = {
			isa = PBXGroup;
			children = (
				0325F519181F30AA009060DD /* UIImage+ImageEffects.h */,
				0325F51A181F30AA009060DD /* UIImage+ImageEffects.m */,
			);
			name = "Apple Code";
			sourceTree = "<group>";
		};
		036A43C017B7869900F39ED0 /* Container Controllers */ = {
			isa = PBXGroup;
			children = (
				036A43C117B786EF00F39ED0 /* CISlideOutTabController.h */,
				036A43C217B786EF00F39ED0 /* CISlideOutTabController.m */,
			);
			name = "Container Controllers";
			sourceTree = "<group>";
		};
		039F9BFD17EA4AF40064566A /* Views */ = {
			isa = PBXGroup;
			children = (
				039F9BFE17EA4B7E0064566A /* CIActivityIndicatorView.h */,
				039F9BFF17EA4B7E0064566A /* CIActivityIndicatorView.m */,
			);
			name = Views;
			sourceTree = "<group>";
		};
		03B2970817B855AC00A282CF /* Services */ = {
			isa = PBXGroup;
			children = (
				039F9BB517E500E60064566A /* CILocationService.h */,
				039F9BB617E500E60064566A /* CILocationService.m */,
			);
			name = Services;
			sourceTree = "<group>";
		};
		03E3225517B3D2F0001FE707 = {
			isa = PBXGroup;
			children = (
				03E3226717B3D2F0001FE707 /* ConcreteFoundation */,
				03E3226017B3D2F0001FE707 /* Frameworks */,
				03E3225F17B3D2F0001FE707 /* Products */,
			);
			sourceTree = "<group>";
		};
		03E3225F17B3D2F0001FE707 /* Products */ = {
			isa = PBXGroup;
			children = (
				03E3225E17B3D2F0001FE707 /* ConcreteFoundation.app */,
			);
			name = Products;
			sourceTree = "<group>";
		};
		03E3226017B3D2F0001FE707 /* Frameworks */ = {
			isa = PBXGroup;
			children = (
				0325F51C181F3123009060DD /* ImageIO.framework */,
				039F9C0317EA568E0064566A /* MapKit.framework */,
				039F9C0117EA56600064566A /* CoreLocation.framework */,
				03E3226117B3D2F0001FE707 /* UIKit.framework */,
				03E322BC17B4BFDD001FE707 /* QuartzCore.framework */,
				03E3226317B3D2F0001FE707 /* Foundation.framework */,
				03E3226517B3D2F0001FE707 /* CoreGraphics.framework */,
			);
			name = Frameworks;
			sourceTree = "<group>";
		};
		03E3226717B3D2F0001FE707 /* ConcreteFoundation */ = {
			isa = PBXGroup;
			children = (
				0325F518181F304C009060DD /* Apple Code */,
				039F9BBB17E501120064566A /* ConcreteMacros.h */,
				03E3228A17B3D406001FE707 /* Foundation */,
				03B2970817B855AC00A282CF /* Services */,
				036A43C017B7869900F39ED0 /* Container Controllers */,
				039F9BFD17EA4AF40064566A /* Views */,
				03E3227017B3D2F0001FE707 /* CIAppDelegate.h */,
				03E3227117B3D2F0001FE707 /* CIAppDelegate.m */,
				03E3227917B3D2F0001FE707 /* CIMainViewController.h */,
				03E3227A17B3D2F0001FE707 /* CIMainViewController.m */,
				03E3227F17B3D2F0001FE707 /* CIMainViewController.xib */,
				03E3226817B3D2F0001FE707 /* Supporting Files */,
			);
			path = ConcreteFoundation;
			sourceTree = "<group>";
		};
		03E3226817B3D2F0001FE707 /* Supporting Files */ = {
			isa = PBXGroup;
			children = (
				03E3226917B3D2F0001FE707 /* ConcreteFoundation-Info.plist */,
				03E3226A17B3D2F0001FE707 /* InfoPlist.strings */,
				03E3226D17B3D2F0001FE707 /* main.m */,
				03E3226F17B3D2F0001FE707 /* ConcreteFoundation-Prefix.pch */,
				03E3227317B3D2F0001FE707 /* Default.png */,
				03E3227517B3D2F0001FE707 /* Default@2x.png */,
				03E3227717B3D2F0001FE707 /* Default-568h@2x.png */,
			);
			name = "Supporting Files";
			sourceTree = "<group>";
		};
		03E3228A17B3D406001FE707 /* Foundation */ = {
			isa = PBXGroup;
			children = (
				039F9BB817E500FE0064566A /* NSDictionary+Concrete.h */,
				039F9BB917E500FE0064566A /* NSDictionary+Concrete.m */,
				03E322B317B49425001FE707 /* NSDate+Concrete.h */,
				03E322B417B49425001FE707 /* NSDate+Concrete.m */,
				03E3228E17B3EF8B001FE707 /* NSMutableArray+Concrete.h */,
				03E3228F17B3EF8B001FE707 /* NSMutableArray+Concrete.m */,
				03E322AD17B48AB5001FE707 /* NSObject+Concrete.h */,
				03E322AE17B48AB5001FE707 /* NSObject+Concrete.m */,
				03E322B917B4BF97001FE707 /* UIApplication+Concrete.h */,
				03E322BA17B4BF98001FE707 /* UIApplication+Concrete.m */,
				03E3228B17B3D4A8001FE707 /* UINavigationController+Concrete.h */,
				03E3228C17B3D4A8001FE707 /* UINavigationController+Concrete.m */,
				03E322B617B4BDA0001FE707 /* UIView+Concrete.h */,
				03E322B717B4BDA0001FE707 /* UIView+Concrete.m */,
				03559EE917BEEAA400D2D1CC /* UITableViewCell+Concrete.h */,
				03559EEA17BEEAA500D2D1CC /* UITableViewCell+Concrete.m */,
				03E40DD11811D91B00F2105D /* UIImage+Concrete.h */,
				03E40DD21811D91B00F2105D /* UIImage+Concrete.m */,
			);
			name = Foundation;
			path = ..;
			sourceTree = "<group>";
		};
/* End PBXGroup section */

/* Begin PBXNativeTarget section */
		03E3225D17B3D2F0001FE707 /* ConcreteFoundation */ = {
			isa = PBXNativeTarget;
			buildConfigurationList = 03E3228717B3D2F0001FE707 /* Build configuration list for PBXNativeTarget "ConcreteFoundation" */;
			buildPhases = (
				03E3225A17B3D2F0001FE707 /* Sources */,
				03E3225B17B3D2F0001FE707 /* Frameworks */,
				03E3225C17B3D2F0001FE707 /* Resources */,
			);
			buildRules = (
			);
			dependencies = (
			);
			name = ConcreteFoundation;
			productName = ConcreteFoundation;
			productReference = 03E3225E17B3D2F0001FE707 /* ConcreteFoundation.app */;
			productType = "com.apple.product-type.application";
		};
/* End PBXNativeTarget section */

/* Begin PBXProject section */
		03E3225617B3D2F0001FE707 /* Project object */ = {
			isa = PBXProject;
			attributes = {
				CLASSPREFIX = CI;
				LastUpgradeCheck = 0460;
				ORGANIZATIONNAME = "Concrete Interactive";
			};
			buildConfigurationList = 03E3225917B3D2F0001FE707 /* Build configuration list for PBXProject "ConcreteFoundation" */;
			compatibilityVersion = "Xcode 3.2";
			developmentRegion = English;
			hasScannedForEncodings = 0;
			knownRegions = (
				en,
			);
			mainGroup = 03E3225517B3D2F0001FE707;
			productRefGroup = 03E3225F17B3D2F0001FE707 /* Products */;
			projectDirPath = "";
			projectRoot = "";
			targets = (
				03E3225D17B3D2F0001FE707 /* ConcreteFoundation */,
			);
		};
/* End PBXProject section */

/* Begin PBXResourcesBuildPhase section */
		03E3225C17B3D2F0001FE707 /* Resources */ = {
			isa = PBXResourcesBuildPhase;
			buildActionMask = 2147483647;
			files = (
				03E3226C17B3D2F0001FE707 /* InfoPlist.strings in Resources */,
				03E3227417B3D2F0001FE707 /* Default.png in Resources */,
				03E3227617B3D2F0001FE707 /* Default@2x.png in Resources */,
				03E3227817B3D2F0001FE707 /* Default-568h@2x.png in Resources */,
				03E3228117B3D2F0001FE707 /* CIMainViewController.xib in Resources */,
			);
			runOnlyForDeploymentPostprocessing = 0;
		};
/* End PBXResourcesBuildPhase section */

/* Begin PBXSourcesBuildPhase section */
		03E3225A17B3D2F0001FE707 /* Sources */ = {
			isa = PBXSourcesBuildPhase;
			buildActionMask = 2147483647;
			files = (
				0325F51B181F30AA009060DD /* UIImage+ImageEffects.m in Sources */,
				03E3226E17B3D2F0001FE707 /* main.m in Sources */,
				03E3227217B3D2F0001FE707 /* CIAppDelegate.m in Sources */,
				03E3227B17B3D2F0001FE707 /* CIMainViewController.m in Sources */,
				03E3228D17B3D4A8001FE707 /* UINavigationController+Concrete.m in Sources */,
				03E40DD31811D91B00F2105D /* UIImage+Concrete.m in Sources */,
				03E3229017B3EF8B001FE707 /* NSMutableArray+Concrete.m in Sources */,
				03E322AF17B48AB5001FE707 /* NSObject+Concrete.m in Sources */,
				03E322B517B49426001FE707 /* NSDate+Concrete.m in Sources */,
				03E322B817B4BDA1001FE707 /* UIView+Concrete.m in Sources */,
				03E322BB17B4BF99001FE707 /* UIApplication+Concrete.m in Sources */,
				036A43C317B786EF00F39ED0 /* CISlideOutTabController.m in Sources */,
				03559EEB17BEEAA500D2D1CC /* UITableViewCell+Concrete.m in Sources */,
				039F9BB717E500E60064566A /* CILocationService.m in Sources */,
				039F9BBA17E500FF0064566A /* NSDictionary+Concrete.m in Sources */,
				039F9C0017EA4B7E0064566A /* CIActivityIndicatorView.m in Sources */,
			);
			runOnlyForDeploymentPostprocessing = 0;
		};
/* End PBXSourcesBuildPhase section */

/* Begin PBXVariantGroup section */
		03E3226A17B3D2F0001FE707 /* InfoPlist.strings */ = {
			isa = PBXVariantGroup;
			children = (
				03E3226B17B3D2F0001FE707 /* en */,
			);
			name = InfoPlist.strings;
			sourceTree = "<group>";
		};
		03E3227F17B3D2F0001FE707 /* CIMainViewController.xib */ = {
			isa = PBXVariantGroup;
			children = (
				03E3228017B3D2F0001FE707 /* en */,
			);
			name = CIMainViewController.xib;
			sourceTree = "<group>";
		};
/* End PBXVariantGroup section */

/* Begin XCBuildConfiguration section */
		03E3228517B3D2F0001FE707 /* Debug */ = {
			isa = XCBuildConfiguration;
			buildSettings = {
				ALWAYS_SEARCH_USER_PATHS = NO;
				CLANG_CXX_LANGUAGE_STANDARD = "gnu++0x";
				CLANG_CXX_LIBRARY = "libc++";
				CLANG_ENABLE_MODULES = YES;
				CLANG_ENABLE_OBJC_ARC = YES;
				CLANG_WARN_CONSTANT_CONVERSION = YES;
				CLANG_WARN_EMPTY_BODY = YES;
				CLANG_WARN_ENUM_CONVERSION = YES;
				CLANG_WARN_INT_CONVERSION = YES;
				CLANG_WARN__DUPLICATE_METHOD_MATCH = YES;
				"CODE_SIGN_IDENTITY[sdk=iphoneos*]" = "iPhone Developer";
				COPY_PHASE_STRIP = NO;
				GCC_C_LANGUAGE_STANDARD = gnu99;
				GCC_DYNAMIC_NO_PIC = NO;
				GCC_OPTIMIZATION_LEVEL = 0;
				GCC_PREPROCESSOR_DEFINITIONS = (
					"DEBUG=1",
					"$(inherited)",
				);
				GCC_SYMBOLS_PRIVATE_EXTERN = NO;
				GCC_WARN_ABOUT_RETURN_TYPE = YES;
				GCC_WARN_UNINITIALIZED_AUTOS = YES;
				GCC_WARN_UNUSED_VARIABLE = YES;
				IPHONEOS_DEPLOYMENT_TARGET = 6.1;
				ONLY_ACTIVE_ARCH = YES;
				SDKROOT = iphoneos;
			};
			name = Debug;
		};
		03E3228617B3D2F0001FE707 /* Release */ = {
			isa = XCBuildConfiguration;
			buildSettings = {
				ALWAYS_SEARCH_USER_PATHS = NO;
				CLANG_CXX_LANGUAGE_STANDARD = "gnu++0x";
				CLANG_CXX_LIBRARY = "libc++";
				CLANG_ENABLE_MODULES = YES;
				CLANG_ENABLE_OBJC_ARC = YES;
				CLANG_WARN_CONSTANT_CONVERSION = YES;
				CLANG_WARN_EMPTY_BODY = YES;
				CLANG_WARN_ENUM_CONVERSION = YES;
				CLANG_WARN_INT_CONVERSION = YES;
				CLANG_WARN__DUPLICATE_METHOD_MATCH = YES;
				"CODE_SIGN_IDENTITY[sdk=iphoneos*]" = "iPhone Developer";
				COPY_PHASE_STRIP = YES;
				GCC_C_LANGUAGE_STANDARD = gnu99;
				GCC_WARN_ABOUT_RETURN_TYPE = YES;
				GCC_WARN_UNINITIALIZED_AUTOS = YES;
				GCC_WARN_UNUSED_VARIABLE = YES;
				IPHONEOS_DEPLOYMENT_TARGET = 6.1;
				OTHER_CFLAGS = "-DNS_BLOCK_ASSERTIONS=1";
				SDKROOT = iphoneos;
				VALIDATE_PRODUCT = YES;
			};
			name = Release;
		};
		03E3228817B3D2F0001FE707 /* Debug */ = {
			isa = XCBuildConfiguration;
			buildSettings = {
				GCC_PRECOMPILE_PREFIX_HEADER = YES;
				GCC_PREFIX_HEADER = "ConcreteFoundation/ConcreteFoundation-Prefix.pch";
				INFOPLIST_FILE = "ConcreteFoundation/ConcreteFoundation-Info.plist";
				PRODUCT_NAME = "$(TARGET_NAME)";
				WRAPPER_EXTENSION = app;
			};
			name = Debug;
		};
		03E3228917B3D2F0001FE707 /* Release */ = {
			isa = XCBuildConfiguration;
			buildSettings = {
				GCC_PRECOMPILE_PREFIX_HEADER = YES;
				GCC_PREFIX_HEADER = "ConcreteFoundation/ConcreteFoundation-Prefix.pch";
				INFOPLIST_FILE = "ConcreteFoundation/ConcreteFoundation-Info.plist";
				PRODUCT_NAME = "$(TARGET_NAME)";
				WRAPPER_EXTENSION = app;
			};
			name = Release;
		};
/* End XCBuildConfiguration section */

/* Begin XCConfigurationList section */
		03E3225917B3D2F0001FE707 /* Build configuration list for PBXProject "ConcreteFoundation" */ = {
			isa = XCConfigurationList;
			buildConfigurations = (
				03E3228517B3D2F0001FE707 /* Debug */,
				03E3228617B3D2F0001FE707 /* Release */,
			);
			defaultConfigurationIsVisible = 0;
			defaultConfigurationName = Release;
		};
		03E3228717B3D2F0001FE707 /* Build configuration list for PBXNativeTarget "ConcreteFoundation" */ = {
			isa = XCConfigurationList;
			buildConfigurations = (
				03E3228817B3D2F0001FE707 /* Debug */,
				03E3228917B3D2F0001FE707 /* Release */,
			);
			defaultConfigurationIsVisible = 0;
			defaultConfigurationName = Release;
		};
/* End XCConfigurationList section */
	};
	rootObject = 03E3225617B3D2F0001FE707 /* Project object */;
}
